// !$*UTF8*$!
{
	archiveVersion = 1;
	classes = {
	};
	objectVersion = 60;
	objects = {

/* Begin PBXBuildFile section */
		2FAD9763203C412B000D30F8 /* config.xml in Resources */ = {isa = PBXBuildFile; fileRef = 2FAD9762203C412B000D30F8 /* config.xml */; };
		4D22ABE92AF431CB00220026 /* CapApp-SPM in Frameworks */ = {isa = PBXBuildFile; productRef = 4D22ABE82AF431CB00220026 /* CapApp-SPM */; };
		50379B232058CBB4000EE86E /* capacitor.config.json in Resources */ = {isa = PBXBuildFile; fileRef = 50379B222058CBB4000EE86E /* capacitor.config.json */; };
		504EC3081FED79650016851F /* AppDelegate.swift in Sources */ = {isa = PBXBuildFile; fileRef = 504EC3071FED79650016851F /* AppDelegate.swift */; };
		504EC30D1FED79650016851F /* Main.storyboard in Resources */ = {isa = PBXBuildFile; fileRef = 504EC30B1FED79650016851F /* Main.storyboard */; };
		504EC30F1FED79650016851F /* Assets.xcassets in Resources */ = {isa = PBXBuildFile; fileRef = 504EC30E1FED79650016851F /* Assets.xcassets */; };
		504EC3121FED79650016851F /* LaunchScreen.storyboard in Resources */ = {isa = PBXBuildFile; fileRef = 504EC3101FED79650016851F /* LaunchScreen.storyboard */; };
		50B271D11FEDC1A000F3C39B /* public in Resources */ = {isa = PBXBuildFile; fileRef = 50B271D01FEDC1A000F3C39B /* public */; };
		9582B6832FE993A70072D4E8 /* SceneDelegate.swift in Sources */ = {isa = PBXBuildFile; fileRef = 9582B6822FE993A50072D4E8 /* SceneDelegate.swift */; };
		D60000022FE00000000000A2 /* DgBridgeViewController.swift in Sources */ = {isa = PBXBuildFile; fileRef = D60000012FE00000000000A1 /* DgBridgeViewController.swift */; };
		D60000042FE00000000000A4 /* DgSelfTestPlugin.swift in Sources */ = {isa = PBXBuildFile; fileRef = D60000032FE00000000000A3 /* DgSelfTestPlugin.swift */; };
		D60000062FE00000000000A6 /* DgProgressPlugin.swift in Sources */ = {isa = PBXBuildFile; fileRef = D60000052FE00000000000A5 /* DgProgressPlugin.swift */; };
		D6D2C1000000000000000002 /* DgSignInPlugin.swift in Sources */ = {isa = PBXBuildFile; fileRef = D6D2C1000000000000000001 /* DgSignInPlugin.swift */; };
		D6D2C1000000000000000042 /* DgSitePlugin.swift in Sources */ = {isa = PBXBuildFile; fileRef = D6D2C1000000000000000041 /* DgSitePlugin.swift */; };
		D60000082FE00000000000A8 /* DgTtsPlugin.swift in Sources */ = {isa = PBXBuildFile; fileRef = D60000072FE00000000000A7 /* DgTtsPlugin.swift */; };
		D600000A2FE00000000000AA /* DgDownloadPlugin.swift in Sources */ = {isa = PBXBuildFile; fileRef = D60000092FE00000000000A9 /* DgDownloadPlugin.swift */; };
		D60000222FE00000000000C2 /* DgShortcutsPlugin.swift in Sources */ = {isa = PBXBuildFile; fileRef = D60000212FE00000000000C1 /* DgShortcutsPlugin.swift */; };
		D60000312FE00000000000D1 /* DgSharedLibrary.swift in Sources */ = {isa = PBXBuildFile; fileRef = D60000302FE00000000000D0 /* DgSharedLibrary.swift */; };
		D60000322FE00000000000D2 /* DgSharedLibrary.swift in Sources */ = {isa = PBXBuildFile; fileRef = D60000302FE00000000000D0 /* DgSharedLibrary.swift */; };
		D60000362FE00000000000D6 /* DgSQLite in Frameworks */ = {isa = PBXBuildFile; productRef = D60000352FE00000000000D5 /* DgSQLite */; };
		D60000382FE00000000000D8 /* DgSQLite in Frameworks */ = {isa = PBXBuildFile; productRef = D60000372FE00000000000D7 /* DgSQLite */; };
		D60000122FE00000000000B2 /* ShareViewController.swift in Sources */ = {isa = PBXBuildFile; fileRef = D60000112FE00000000000B1 /* ShareViewController.swift */; };
		D600001B2FE00000000000BB /* ShareExtension.appex in Embed App Extensions */ = {isa = PBXBuildFile; fileRef = D60000142FE00000000000B4 /* ShareExtension.appex */; settings = {ATTRIBUTES = (RemoveHeadersOnCopy, ); }; };
		D60000402FE00000000000E0 /* DgAppIntents.swift in Sources */ = {isa = PBXBuildFile; fileRef = D600003F2FE00000000000DF /* DgAppIntents.swift */; };
		D60000482FE00000000000E8 /* AppShortcuts.strings in Resources */ = {isa = PBXBuildFile; fileRef = D60000412FE00000000000E1 /* AppShortcuts.strings */; };
		D600005E2FE00000000000FE /* Localizable.strings in Resources */ = {isa = PBXBuildFile; fileRef = D60000452FE00000000000E5 /* Localizable.strings */; };
		D600004B2FE00000000000EB /* DgControlWidget.swift in Sources */ = {isa = PBXBuildFile; fileRef = D600004A2FE00000000000EA /* DgControlWidget.swift */; };
		D600004D2FE00000000000ED /* WidgetKit.framework in Frameworks */ = {isa = PBXBuildFile; fileRef = D600004C2FE00000000000EC /* WidgetKit.framework */; };
		D600004F2FE00000000000EF /* SwiftUI.framework in Frameworks */ = {isa = PBXBuildFile; fileRef = D600004E2FE00000000000EE /* SwiftUI.framework */; };
		D60000502FE00000000000F0 /* DgControls.appex in Embed App Extensions */ = {isa = PBXBuildFile; fileRef = D60000512FE00000000000F1 /* DgControls.appex */; settings = {ATTRIBUTES = (RemoveHeadersOnCopy, ); }; };
		D60000602FE0000000010000 /* DgGlyph.imageset in Resources */ = {isa = PBXBuildFile; fileRef = D600005F2FE0000000010000 /* DgGlyph.imageset */; };
/* End PBXBuildFile section */

/* Begin PBXContainerItemProxy section */
		D60000202FE00000000000C0 /* PBXContainerItemProxy */ = {
			isa = PBXContainerItemProxy;
			containerPortal = 504EC2FC1FED79650016851F /* Project object */;
			proxyType = 1;
			remoteGlobalIDString = D60000162FE00000000000B6;
			remoteInfo = ShareExtension;
		};
		D60000542FE00000000000F4 /* PBXContainerItemProxy */ = {
			isa = PBXContainerItemProxy;
			containerPortal = 504EC2FC1FED79650016851F /* Project object */;
			proxyType = 1;
			remoteGlobalIDString = D60000492FE00000000000E9;
			remoteInfo = DgControls;
		};
/* End PBXContainerItemProxy section */

/* Begin PBXCopyFilesBuildPhase section */
		D600001A2FE00000000000BA /* Embed App Extensions */ = {
			isa = PBXCopyFilesBuildPhase;
			buildActionMask = 2147483647;
			dstPath = "";
			dstSubfolderSpec = 13;
			files = (
				D600001B2FE00000000000BB /* ShareExtension.appex in Embed App Extensions */,
				D60000502FE00000000000F0 /* DgControls.appex in Embed App Extensions */,
			);
			name = "Embed App Extensions";
			runOnlyForDeploymentPostprocessing = 0;
		};
/* End PBXCopyFilesBuildPhase section */

/* Begin PBXTargetDependency section */
		D600001F2FE00000000000BF /* PBXTargetDependency */ = {
			isa = PBXTargetDependency;
			target = D60000162FE00000000000B6 /* ShareExtension */;
			targetProxy = D60000202FE00000000000C0 /* PBXContainerItemProxy */;
		};
		D60000552FE00000000000F5 /* PBXTargetDependency */ = {
			isa = PBXTargetDependency;
			target = D60000492FE00000000000E9 /* DgControls */;
			targetProxy = D60000542FE00000000000F4 /* PBXContainerItemProxy */;
		};
/* End PBXTargetDependency section */

/* Begin PBXFileReference section */
		2FAD9762203C412B000D30F8 /* config.xml */ = {isa = PBXFileReference; lastKnownFileType = text.xml; path = config.xml; sourceTree = "<group>"; };
		D60000422FE00000000000E2 /* en */ = {isa = PBXFileReference; fileEncoding = 4; lastKnownFileType = text.plist.strings; name = en; path = en.lproj/AppShortcuts.strings; sourceTree = "<group>"; };
		D60000432FE00000000000E3 /* ru */ = {isa = PBXFileReference; fileEncoding = 4; lastKnownFileType = text.plist.strings; name = ru; path = ru.lproj/AppShortcuts.strings; sourceTree = "<group>"; };
		D60000462FE00000000000E6 /* en */ = {isa = PBXFileReference; fileEncoding = 4; lastKnownFileType = text.plist.strings; name = en; path = en.lproj/Localizable.strings; sourceTree = "<group>"; };
		D60000472FE00000000000E7 /* ru */ = {isa = PBXFileReference; fileEncoding = 4; lastKnownFileType = text.plist.strings; name = ru; path = ru.lproj/Localizable.strings; sourceTree = "<group>"; };
		50379B222058CBB4000EE86E /* capacitor.config.json */ = {isa = PBXFileReference; fileEncoding = 4; lastKnownFileType = text.json; path = capacitor.config.json; sourceTree = "<group>"; };
		504EC3041FED79650016851F /* App.app */ = {isa = PBXFileReference; explicitFileType = wrapper.application; includeInIndex = 0; path = App.app; sourceTree = BUILT_PRODUCTS_DIR; };
		504EC3071FED79650016851F /* AppDelegate.swift */ = {isa = PBXFileReference; lastKnownFileType = sourcecode.swift; path = AppDelegate.swift; sourceTree = "<group>"; };
		504EC30C1FED79650016851F /* Base */ = {isa = PBXFileReference; lastKnownFileType = file.storyboard; name = Base; path = Base.lproj/Main.storyboard; sourceTree = "<group>"; };
		504EC30E1FED79650016851F /* Assets.xcassets */ = {isa = PBXFileReference; lastKnownFileType = folder.assetcatalog; path = Assets.xcassets; sourceTree = "<group>"; };
		504EC3111FED79650016851F /* Base */ = {isa = PBXFileReference; lastKnownFileType = file.storyboard; name = Base; path = Base.lproj/LaunchScreen.storyboard; sourceTree = "<group>"; };
		504EC3131FED79650016851F /* Info.plist */ = {isa = PBXFileReference; lastKnownFileType = text.plist.xml; path = Info.plist; sourceTree = "<group>"; };
		50B271D01FEDC1A000F3C39B /* public */ = {isa = PBXFileReference; lastKnownFileType = folder; path = public; sourceTree = "<group>"; };
		9582B6822FE993A50072D4E8 /* SceneDelegate.swift */ = {isa = PBXFileReference; lastKnownFileType = sourcecode.swift; path = SceneDelegate.swift; sourceTree = "<group>"; };
		D60000012FE00000000000A1 /* DgBridgeViewController.swift */ = {isa = PBXFileReference; lastKnownFileType = sourcecode.swift; path = DgBridgeViewController.swift; sourceTree = "<group>"; };
		D60000032FE00000000000A3 /* DgSelfTestPlugin.swift */ = {isa = PBXFileReference; lastKnownFileType = sourcecode.swift; path = DgSelfTestPlugin.swift; sourceTree = "<group>"; };
		D60000052FE00000000000A5 /* DgProgressPlugin.swift */ = {isa = PBXFileReference; lastKnownFileType = sourcecode.swift; path = DgProgressPlugin.swift; sourceTree = "<group>"; };
		D6D2C1000000000000000001 /* DgSignInPlugin.swift */ = {isa = PBXFileReference; lastKnownFileType = sourcecode.swift; path = DgSignInPlugin.swift; sourceTree = "<group>"; };
		D6D2C1000000000000000041 /* DgSitePlugin.swift */ = {isa = PBXFileReference; lastKnownFileType = sourcecode.swift; path = DgSitePlugin.swift; sourceTree = "<group>"; };
		D60000072FE00000000000A7 /* DgTtsPlugin.swift */ = {isa = PBXFileReference; lastKnownFileType = sourcecode.swift; path = DgTtsPlugin.swift; sourceTree = "<group>"; };
		D60000092FE00000000000A9 /* DgDownloadPlugin.swift */ = {isa = PBXFileReference; lastKnownFileType = sourcecode.swift; path = DgDownloadPlugin.swift; sourceTree = "<group>"; };
		D60000212FE00000000000C1 /* DgShortcutsPlugin.swift */ = {isa = PBXFileReference; lastKnownFileType = sourcecode.swift; path = DgShortcutsPlugin.swift; sourceTree = "<group>"; };
		D60000232FE00000000000C3 /* App.entitlements */ = {isa = PBXFileReference; lastKnownFileType = text.plist.entitlements; path = App.entitlements; sourceTree = "<group>"; };
		D60000302FE00000000000D0 /* DgSharedLibrary.swift */ = {isa = PBXFileReference; lastKnownFileType = sourcecode.swift; path = DgSharedLibrary.swift; sourceTree = "<group>"; };
		D60000332FE00000000000D3 /* ShareExtension.entitlements */ = {isa = PBXFileReference; lastKnownFileType = text.plist.entitlements; path = ShareExtension.entitlements; sourceTree = "<group>"; };
		D60000112FE00000000000B1 /* ShareViewController.swift */ = {isa = PBXFileReference; lastKnownFileType = sourcecode.swift; path = ShareViewController.swift; sourceTree = "<group>"; };
		D60000132FE00000000000B3 /* Info.plist */ = {isa = PBXFileReference; lastKnownFileType = text.plist.xml; path = Info.plist; sourceTree = "<group>"; };
		D60000142FE00000000000B4 /* ShareExtension.appex */ = {isa = PBXFileReference; explicitFileType = "wrapper.app-extension"; includeInIndex = 0; path = ShareExtension.appex; sourceTree = BUILT_PRODUCTS_DIR; };
		D600003F2FE00000000000DF /* DgAppIntents.swift */ = {isa = PBXFileReference; lastKnownFileType = sourcecode.swift; path = DgAppIntents.swift; sourceTree = "<group>"; };
		D600004A2FE00000000000EA /* DgControlWidget.swift */ = {isa = PBXFileReference; lastKnownFileType = sourcecode.swift; path = DgControlWidget.swift; sourceTree = "<group>"; };
		D600004C2FE00000000000EC /* WidgetKit.framework */ = {isa = PBXFileReference; lastKnownFileType = wrapper.framework; name = WidgetKit.framework; path = System/Library/Frameworks/WidgetKit.framework; sourceTree = SDKROOT; };
		D600004E2FE00000000000EE /* SwiftUI.framework */ = {isa = PBXFileReference; lastKnownFileType = wrapper.framework; name = SwiftUI.framework; path = System/Library/Frameworks/SwiftUI.framework; sourceTree = SDKROOT; };
		D60000512FE00000000000F1 /* DgControls.appex */ = {isa = PBXFileReference; explicitFileType = "wrapper.app-extension"; includeInIndex = 0; path = DgControls.appex; sourceTree = BUILT_PRODUCTS_DIR; };
		D60000522FE00000000000F2 /* DgControls.entitlements */ = {isa = PBXFileReference; lastKnownFileType = text.plist.entitlements; path = DgControls.entitlements; sourceTree = "<group>"; };
		D60000532FE00000000000F3 /* Info.plist */ = {isa = PBXFileReference; lastKnownFileType = text.plist.xml; path = Info.plist; sourceTree = "<group>"; };
		D600005F2FE0000000010000 /* DgGlyph.imageset */ = {isa = PBXFileReference; lastKnownFileType = folder.assetcatalog; path = DgGlyph.imageset; sourceTree = "<group>"; };
		958DCC722DB07C7200EA8C5F /* debug.xcconfig */ = {isa = PBXFileReference; lastKnownFileType = text.xcconfig; name = debug.xcconfig; path = ../debug.xcconfig; sourceTree = SOURCE_ROOT; };
/* End PBXFileReference section */

/* Begin PBXFrameworksBuildPhase section */
		504EC3011FED79650016851F /* Frameworks */ = {
			isa = PBXFrameworksBuildPhase;
			buildActionMask = 2147483647;
			files = (
				4D22ABE92AF431CB00220026 /* CapApp-SPM in Frameworks */,
				D60000362FE00000000000D6 /* DgSQLite in Frameworks */,
			);
			runOnlyForDeploymentPostprocessing = 0;
		};
		D60000182FE00000000000B8 /* Frameworks */ = {
			isa = PBXFrameworksBuildPhase;
			buildActionMask = 2147483647;
			files = (
				D60000382FE00000000000D8 /* DgSQLite in Frameworks */,
			);
			runOnlyForDeploymentPostprocessing = 0;
		};
		D600005A2FE00000000000FA /* Frameworks */ = {
			isa = PBXFrameworksBuildPhase;
			buildActionMask = 2147483647;
			files = (
				D600004D2FE00000000000ED /* WidgetKit.framework in Frameworks */,
				D600004F2FE00000000000EF /* SwiftUI.framework in Frameworks */,
			);
			runOnlyForDeploymentPostprocessing = 0;
		};
/* End PBXFrameworksBuildPhase section */

/* Begin PBXGroup section */
		504EC2FB1FED79650016851F = {
			isa = PBXGroup;
			children = (
				958DCC722DB07C7200EA8C5F /* debug.xcconfig */,
				504EC3061FED79650016851F /* App */,
				D60000152FE00000000000B5 /* ShareExtension */,
				D60000562FE00000000000F6 /* DgControls */,
				504EC3051FED79650016851F /* Products */,
			);
			sourceTree = "<group>";
		};
		504EC3051FED79650016851F /* Products */ = {
			isa = PBXGroup;
			children = (
				504EC3041FED79650016851F /* App.app */,
				D60000142FE00000000000B4 /* ShareExtension.appex */,
				D60000512FE00000000000F1 /* DgControls.appex */,
			);
			name = Products;
			sourceTree = "<group>";
		};
		D60000562FE00000000000F6 /* DgControls */ = {
			isa = PBXGroup;
			children = (
				D600004A2FE00000000000EA /* DgControlWidget.swift */,
				D600005F2FE0000000010000 /* DgGlyph.imageset */,
				D60000522FE00000000000F2 /* DgControls.entitlements */,
				D60000532FE00000000000F3 /* Info.plist */,
			);
			path = DgControls;
			sourceTree = "<group>";
		};
		504EC3061FED79650016851F /* App */ = {
			isa = PBXGroup;
			children = (
				9582B6822FE993A50072D4E8 /* SceneDelegate.swift */,
				D60000012FE00000000000A1 /* DgBridgeViewController.swift */,
				D60000032FE00000000000A3 /* DgSelfTestPlugin.swift */,
				D60000052FE00000000000A5 /* DgProgressPlugin.swift */,
				D6D2C1000000000000000001 /* DgSignInPlugin.swift */,
				D6D2C1000000000000000041 /* DgSitePlugin.swift */,
				D60000072FE00000000000A7 /* DgTtsPlugin.swift */,
				D60000092FE00000000000A9 /* DgDownloadPlugin.swift */,
				D60000302FE00000000000D0 /* DgSharedLibrary.swift */,
				D60000212FE00000000000C1 /* DgShortcutsPlugin.swift */,
				D600003F2FE00000000000DF /* DgAppIntents.swift */,
				D60000412FE00000000000E1 /* en.lproj */,
				D60000452FE00000000000E5 /* en.lproj */,
				D60000232FE00000000000C3 /* App.entitlements */,
				50379B222058CBB4000EE86E /* capacitor.config.json */,
				504EC3071FED79650016851F /* AppDelegate.swift */,
				504EC30B1FED79650016851F /* Main.storyboard */,
				504EC30E1FED79650016851F /* Assets.xcassets */,
				504EC3101FED79650016851F /* LaunchScreen.storyboard */,
				504EC3131FED79650016851F /* Info.plist */,
				2FAD9762203C412B000D30F8 /* config.xml */,
				50B271D01FEDC1A000F3C39B /* public */,
			);
			path = App;
			sourceTree = "<group>";
		};
		D60000152FE00000000000B5 /* ShareExtension */ = {
			isa = PBXGroup;
			children = (
				D60000112FE00000000000B1 /* ShareViewController.swift */,
				D60000332FE00000000000D3 /* ShareExtension.entitlements */,
				D60000132FE00000000000B3 /* Info.plist */,
			);
			path = ShareExtension;
			sourceTree = "<group>";
		};
/* End PBXGroup section */

/* Begin PBXNativeTarget section */
		504EC3031FED79650016851F /* App */ = {
			isa = PBXNativeTarget;
			buildConfigurationList = 504EC3161FED79650016851F /* Build configuration list for PBXNativeTarget "App" */;
			buildPhases = (
				504EC3001FED79650016851F /* Sources */,
				504EC3011FED79650016851F /* Frameworks */,
				504EC3021FED79650016851F /* Resources */,
				D600001A2FE00000000000BA /* Embed App Extensions */,
			);
			buildRules = (
			);
			dependencies = (
				D600001F2FE00000000000BF /* PBXTargetDependency */,
				D60000552FE00000000000F5 /* PBXTargetDependency */,
			);
			name = App;
			packageProductDependencies = (
				4D22ABE82AF431CB00220026 /* CapApp-SPM */,
				D60000352FE00000000000D5 /* DgSQLite */,
			);
			productName = App;
			productReference = 504EC3041FED79650016851F /* App.app */;
			productType = "com.apple.product-type.application";
		};
		D60000492FE00000000000E9 /* DgControls */ = {
			isa = PBXNativeTarget;
			buildConfigurationList = D60000582FE00000000000F8 /* Build configuration list for PBXNativeTarget "DgControls" */;
			buildPhases = (
				D60000592FE00000000000F9 /* Sources */,
				D600005A2FE00000000000FA /* Frameworks */,
				D600005B2FE00000000000FB /* Resources */,
			);
			buildRules = (
			);
			dependencies = (
			);
			name = DgControls;
			productName = DgControls;
				productReference = D60000512FE00000000000F1 /* DgControls.appex */;
				productType = "com.apple.product-type.app-extension";
		};
		D60000162FE00000000000B6 /* ShareExtension */ = {
			isa = PBXNativeTarget;
			buildConfigurationList = D600001C2FE00000000000BC /* Build configuration list for PBXNativeTarget "ShareExtension" */;
			buildPhases = (
				D60000172FE00000000000B7 /* Sources */,
				D60000182FE00000000000B8 /* Frameworks */,
				D60000192FE00000000000B9 /* Resources */,
			);
			buildRules = (
			);
			dependencies = (
			);
			name = ShareExtension;
			packageProductDependencies = (
				D60000372FE00000000000D7 /* DgSQLite */,
			);
			productName = ShareExtension;
			productReference = D60000142FE00000000000B4 /* ShareExtension.appex */;
			productType = "com.apple.product-type.app-extension";
		};
/* End PBXNativeTarget section */

/* Begin PBXProject section */
		504EC2FC1FED79650016851F /* Project object */ = {
			isa = PBXProject;
			attributes = {
				LastSwiftUpdateCheck = 0920;
				LastUpgradeCheck = 0920;
				TargetAttributes = {
					504EC3031FED79650016851F = {
						CreatedOnToolsVersion = 9.2;
						LastSwiftMigration = 1100;
						ProvisioningStyle = Automatic;
					};
					D60000162FE00000000000B6 = {
						ProvisioningStyle = Automatic;
					};
					D60000492FE00000000000E9 = {
						ProvisioningStyle = Automatic;
					};
				};
			};
			buildConfigurationList = 504EC2FF1FED79650016851F /* Build configuration list for PBXProject "App" */;
			compatibilityVersion = "Xcode 8.0";
			developmentRegion = en;
			hasScannedForEncodings = 0;
			knownRegions = (
				en,
				Base,
			);
			mainGroup = 504EC2FB1FED79650016851F;
			packageReferences = (
				D4C12C0A2AAA248700AAC8A2 /* XCLocalSwiftPackageReference "CapApp-SPM" */,
				D60000342FE00000000000D4 /* XCLocalSwiftPackageReference "DgSQLite" */,
			);
			productRefGroup = 504EC3051FED79650016851F /* Products */;
			projectDirPath = "";
			projectRoot = "";
			targets = (
				504EC3031FED79650016851F /* App */,
				D60000162FE00000000000B6 /* ShareExtension */,
				D60000492FE00000000000E9 /* DgControls */,
			);
		};
/* End PBXProject section */

/* Begin PBXResourcesBuildPhase section */
		504EC3021FED79650016851F /* Resources */ = {
			isa = PBXResourcesBuildPhase;
			buildActionMask = 2147483647;
			files = (
				504EC3121FED79650016851F /* LaunchScreen.storyboard in Resources */,
				50B271D11FEDC1A000F3C39B /* public in Resources */,
				504EC30F1FED79650016851F /* Assets.xcassets in Resources */,
				50379B232058CBB4000EE86E /* capacitor.config.json in Resources */,
				504EC30D1FED79650016851F /* Main.storyboard in Resources */,
				2FAD9763203C412B000D30F8 /* config.xml in Resources */,
				D60000482FE00000000000E8 /* AppShortcuts.strings in Resources */,
				D600005E2FE00000000000FE /* Localizable.strings in Resources */,
			);
			runOnlyForDeploymentPostprocessing = 0;
		};
		D60000192FE00000000000B9 /* Resources */ = {
			isa = PBXResourcesBuildPhase;
			buildActionMask = 2147483647;
			files = (
			);
			runOnlyForDeploymentPostprocessing = 0;
		};
		D600005B2FE00000000000FB /* Resources */ = {
			isa = PBXResourcesBuildPhase;
			buildActionMask = 2147483647;
			files = (
				D60000602FE0000000010000 /* DgGlyph.imageset in Resources */,
			);
			runOnlyForDeploymentPostprocessing = 0;
		};
/* End PBXResourcesBuildPhase section */

/* Begin PBXSourcesBuildPhase section */
		504EC3001FED79650016851F /* Sources */ = {
			isa = PBXSourcesBuildPhase;
			buildActionMask = 2147483647;
			files = (
				504EC3081FED79650016851F /* AppDelegate.swift in Sources */,
				9582B6832FE993A70072D4E8 /* SceneDelegate.swift in Sources */,
				D60000022FE00000000000A2 /* DgBridgeViewController.swift in Sources */,
				D60000042FE00000000000A4 /* DgSelfTestPlugin.swift in Sources */,
				D60000062FE00000000000A6 /* DgProgressPlugin.swift in Sources */,
				D6D2C1000000000000000002 /* DgSignInPlugin.swift in Sources */,
				D6D2C1000000000000000042 /* DgSitePlugin.swift in Sources */,
				D60000082FE00000000000A8 /* DgTtsPlugin.swift in Sources */,
				D600000A2FE00000000000AA /* DgDownloadPlugin.swift in Sources */,
				D60000222FE00000000000C2 /* DgShortcutsPlugin.swift in Sources */,
				D60000312FE00000000000D1 /* DgSharedLibrary.swift in Sources */,
				D60000402FE00000000000E0 /* DgAppIntents.swift in Sources */,
			);
			runOnlyForDeploymentPostprocessing = 0;
		};
		D60000172FE00000000000B7 /* Sources */ = {
			isa = PBXSourcesBuildPhase;
			buildActionMask = 2147483647;
			files = (
				D60000122FE00000000000B2 /* ShareViewController.swift in Sources */,
				D60000322FE00000000000D2 /* DgSharedLibrary.swift in Sources */,
			);
			runOnlyForDeploymentPostprocessing = 0;
		};
		D60000592FE00000000000F9 /* Sources */ = {
			isa = PBXSourcesBuildPhase;
			buildActionMask = 2147483647;
			files = (
				D600004B2FE00000000000EB /* DgControlWidget.swift in Sources */,
			);
			runOnlyForDeploymentPostprocessing = 0;
		};
/* End PBXSourcesBuildPhase section */

/* Begin PBXVariantGroup section */
		D60000412FE00000000000E1 /* AppShortcuts.strings */ = {
			isa = PBXVariantGroup;
			children = (
				D60000422FE00000000000E2 /* en */,
				D60000432FE00000000000E3 /* ru */,
			);
			name = AppShortcuts.strings;
			sourceTree = "<group>";
		};
		D60000452FE00000000000E5 /* Localizable.strings */ = {
			isa = PBXVariantGroup;
			children = (
				D60000462FE00000000000E6 /* en */,
				D60000472FE00000000000E7 /* ru */,
			);
			name = Localizable.strings;
			sourceTree = "<group>";
		};
		504EC30B1FED79650016851F /* Main.storyboard */ = {
			isa = PBXVariantGroup;
			children = (
				504EC30C1FED79650016851F /* Base */,
			);
			name = Main.storyboard;
			sourceTree = "<group>";
		};
		504EC3101FED79650016851F /* LaunchScreen.storyboard */ = {
			isa = PBXVariantGroup;
			children = (
				504EC3111FED79650016851F /* Base */,
			);
			name = LaunchScreen.storyboard;
			sourceTree = "<group>";
		};
/* End PBXVariantGroup section */

/* Begin XCBuildConfiguration section */
		504EC3141FED79650016851F /* Debug */ = {
			isa = XCBuildConfiguration;
			baseConfigurationReference = 958DCC722DB07C7200EA8C5F /* debug.xcconfig */;
			buildSettings = {
				ALWAYS_SEARCH_USER_PATHS = NO;
				CLANG_ANALYZER_NONNULL = YES;
				CLANG_ANALYZER_NUMBER_OBJECT_CONVERSION = YES_AGGRESSIVE;
				CLANG_CXX_LANGUAGE_STANDARD = "gnu++14";
				CLANG_CXX_LIBRARY = "libc++";
				CLANG_ENABLE_MODULES = YES;
				CLANG_ENABLE_OBJC_ARC = YES;
				CLANG_WARN_BLOCK_CAPTURE_AUTORELEASING = YES;
				CLANG_WARN_BOOL_CONVERSION = YES;
				CLANG_WARN_COMMA = YES;
				CLANG_WARN_CONSTANT_CONVERSION = YES;
				CLANG_WARN_DIRECT_OBJC_ISA_USAGE = YES_ERROR;
				CLANG_WARN_DOCUMENTATION_COMMENTS = YES;
				CLANG_WARN_EMPTY_BODY = YES;
				CLANG_WARN_ENUM_CONVERSION = YES;
				CLANG_WARN_INFINITE_RECURSION = YES;
				CLANG_WARN_INT_CONVERSION = YES;
				CLANG_WARN_NON_LITERAL_NULL_CONVERSION = YES;
				CLANG_WARN_OBJC_LITERAL_CONVERSION = YES;
				CLANG_WARN_OBJC_ROOT_CLASS = YES_ERROR;
				CLANG_WARN_RANGE_LOOP_ANALYSIS = YES;
				CLANG_WARN_STRICT_PROTOTYPES = YES;
				CLANG_WARN_SUSPICIOUS_MOVE = YES;
				CLANG_WARN_UNGUARDED_AVAILABILITY = YES_AGGRESSIVE;
				CLANG_WARN_UNREACHABLE_CODE = YES;
				CLANG_WARN__DUPLICATE_METHOD_MATCH = YES;
				COPY_PHASE_STRIP = NO;
				DEBUG_INFORMATION_FORMAT = dwarf;
				ENABLE_STRICT_OBJC_MSGSEND = YES;
				ENABLE_TESTABILITY = YES;
				GCC_C_LANGUAGE_STANDARD = gnu11;
				GCC_DYNAMIC_NO_PIC = NO;
				GCC_NO_COMMON_BLOCKS = YES;
				GCC_OPTIMIZATION_LEVEL = 0;
				GCC_PREPROCESSOR_DEFINITIONS = (
					"DEBUG=1",
					"$(inherited)",
				);
				GCC_WARN_64_TO_32_BIT_CONVERSION = YES;
				GCC_WARN_ABOUT_RETURN_TYPE = YES_ERROR;
				GCC_WARN_UNDECLARED_SELECTOR = YES;
				GCC_WARN_UNINITIALIZED_AUTOS = YES_AGGRESSIVE;
				GCC_WARN_UNUSED_FUNCTION = YES;
				GCC_WARN_UNUSED_VARIABLE = YES;
				IPHONEOS_DEPLOYMENT_TARGET = 16.4;
				MTL_ENABLE_DEBUG_INFO = YES;
				ONLY_ACTIVE_ARCH = YES;
				SDKROOT = iphoneos;
				SWIFT_ACTIVE_COMPILATION_CONDITIONS = DEBUG;
				SWIFT_OPTIMIZATION_LEVEL = "-Onone";
			};
			name = Debug;
		};
		504EC3151FED79650016851F /* Release */ = {
			isa = XCBuildConfiguration;
			buildSettings = {
				ALWAYS_SEARCH_USER_PATHS = NO;
				CLANG_ANALYZER_NONNULL = YES;
				CLANG_ANALYZER_NUMBER_OBJECT_CONVERSION = YES_AGGRESSIVE;
				CLANG_CXX_LANGUAGE_STANDARD = "gnu++14";
				CLANG_CXX_LIBRARY = "libc++";
				CLANG_ENABLE_MODULES = YES;
				CLANG_ENABLE_OBJC_ARC = YES;
				CLANG_WARN_BLOCK_CAPTURE_AUTORELEASING = YES;
				CLANG_WARN_BOOL_CONVERSION = YES;
				CLANG_WARN_COMMA = YES;
				CLANG_WARN_CONSTANT_CONVERSION = YES;
				CLANG_WARN_DIRECT_OBJC_ISA_USAGE = YES_ERROR;
				CLANG_WARN_DOCUMENTATION_COMMENTS = YES;
				CLANG_WARN_EMPTY_BODY = YES;
				CLANG_WARN_ENUM_CONVERSION = YES;
				CLANG_WARN_INFINITE_RECURSION = YES;
				CLANG_WARN_INT_CONVERSION = YES;
				CLANG_WARN_NON_LITERAL_NULL_CONVERSION = YES;
				CLANG_WARN_OBJC_LITERAL_CONVERSION = YES;
				CLANG_WARN_OBJC_ROOT_CLASS = YES_ERROR;
				CLANG_WARN_RANGE_LOOP_ANALYSIS = YES;
				CLANG_WARN_STRICT_PROTOTYPES = YES;
				CLANG_WARN_SUSPICIOUS_MOVE = YES;
				CLANG_WARN_UNGUARDED_AVAILABILITY = YES_AGGRESSIVE;
				CLANG_WARN_UNREACHABLE_CODE = YES;
				CLANG_WARN__DUPLICATE_METHOD_MATCH = YES;
				COPY_PHASE_STRIP = NO;
				DEBUG_INFORMATION_FORMAT = "dwarf-with-dsym";
				ENABLE_NS_ASSERTIONS = NO;
				ENABLE_STRICT_OBJC_MSGSEND = YES;
				GCC_C_LANGUAGE_STANDARD = gnu11;
				GCC_NO_COMMON_BLOCKS = YES;
				GCC_WARN_64_TO_32_BIT_CONVERSION = YES;
				GCC_WARN_ABOUT_RETURN_TYPE = YES_ERROR;
				GCC_WARN_UNDECLARED_SELECTOR = YES;
				GCC_WARN_UNINITIALIZED_AUTOS = YES_AGGRESSIVE;
				GCC_WARN_UNUSED_FUNCTION = YES;
				GCC_WARN_UNUSED_VARIABLE = YES;
				IPHONEOS_DEPLOYMENT_TARGET = 16.4;
				MTL_ENABLE_DEBUG_INFO = NO;
				SDKROOT = iphoneos;
				SWIFT_COMPILATION_MODE = wholemodule;
				SWIFT_OPTIMIZATION_LEVEL = "-O";
				VALIDATE_PRODUCT = YES;
			};
			name = Release;
		};
		504EC3171FED79650016851F /* Debug */ = {
			isa = XCBuildConfiguration;
			baseConfigurationReference = 958DCC722DB07C7200EA8C5F /* debug.xcconfig */;
			buildSettings = {
				ASSETCATALOG_COMPILER_APPICON_NAME = AppIcon;
				CODE_SIGN_ENTITLEMENTS = App/App.entitlements;
				CODE_SIGN_STYLE = Automatic;
				CURRENT_PROJECT_VERSION = 1;
				INFOPLIST_FILE = App/Info.plist;
				IPHONEOS_DEPLOYMENT_TARGET = 16.4;
				LD_RUNPATH_SEARCH_PATHS = (
					"$(inherited)",
					"@executable_path/Frameworks",
				);
				MARKETING_VERSION = 1.19;
				OTHER_SWIFT_FLAGS = "$(inherited) \"-D\" \"COCOAPODS\" \"-DDEBUG\"";
				PRODUCT_BUNDLE_IDENTIFIER = gift.dhamma.mobile;
				PRODUCT_NAME = "$(TARGET_NAME)";
				SWIFT_ACTIVE_COMPILATION_CONDITIONS = DEBUG;
				SWIFT_VERSION = 5.0;
				TARGETED_DEVICE_FAMILY = "1,2";
			};
			name = Debug;
		};
		504EC3181FED79650016851F /* Release */ = {
			isa = XCBuildConfiguration;
			buildSettings = {
				ASSETCATALOG_COMPILER_APPICON_NAME = AppIcon;
				CODE_SIGN_ENTITLEMENTS = App/App.entitlements;
				CODE_SIGN_STYLE = Automatic;
				CURRENT_PROJECT_VERSION = 1;
				INFOPLIST_FILE = App/Info.plist;
				IPHONEOS_DEPLOYMENT_TARGET = 16.4;
				LD_RUNPATH_SEARCH_PATHS = (
					"$(inherited)",
					"@executable_path/Frameworks",
				);
				MARKETING_VERSION = 1.19;
				PRODUCT_BUNDLE_IDENTIFIER = gift.dhamma.mobile;
				PRODUCT_NAME = "$(TARGET_NAME)";
				SWIFT_ACTIVE_COMPILATION_CONDITIONS = "";
				SWIFT_VERSION = 5.0;
				TARGETED_DEVICE_FAMILY = "1,2";
			};
			name = Release;
		};
		D600001D2FE00000000000BD /* Debug */ = {
			isa = XCBuildConfiguration;
			buildSettings = {
				CODE_SIGN_ENTITLEMENTS = ShareExtension/ShareExtension.entitlements;
				CODE_SIGN_STYLE = Automatic;
				CURRENT_PROJECT_VERSION = 1;
				INFOPLIST_FILE = ShareExtension/Info.plist;
				IPHONEOS_DEPLOYMENT_TARGET = 16.4;
				LD_RUNPATH_SEARCH_PATHS = (
					"$(inherited)",
					"@executable_path/Frameworks",
					"@executable_path/../../Frameworks",
				);
				MARKETING_VERSION = 1.19;
				PRODUCT_BUNDLE_IDENTIFIER = gift.dhamma.mobile.share;
				PRODUCT_NAME = "$(TARGET_NAME)";
				SKIP_INSTALL = YES;
				SWIFT_ACTIVE_COMPILATION_CONDITIONS = DEBUG;
				SWIFT_VERSION = 5.0;
				TARGETED_DEVICE_FAMILY = "1,2";
			};
			name = Debug;
		};
		D600001E2FE00000000000BE /* Release */ = {
			isa = XCBuildConfiguration;
			buildSettings = {
				CODE_SIGN_ENTITLEMENTS = ShareExtension/ShareExtension.entitlements;
				CODE_SIGN_STYLE = Automatic;
				CURRENT_PROJECT_VERSION = 1;
				INFOPLIST_FILE = ShareExtension/Info.plist;
				IPHONEOS_DEPLOYMENT_TARGET = 16.4;
				LD_RUNPATH_SEARCH_PATHS = (
					"$(inherited)",
					"@executable_path/Frameworks",
					"@executable_path/../../Frameworks",
				);
				MARKETING_VERSION = 1.19;
				PRODUCT_BUNDLE_IDENTIFIER = gift.dhamma.mobile.share;
				PRODUCT_NAME = "$(TARGET_NAME)";
				SKIP_INSTALL = YES;
				SWIFT_VERSION = 5.0;
				TARGETED_DEVICE_FAMILY = "1,2";
			};
			name = Release;
		};
		D600005C2FE00000000000FC /* Debug */ = {
			isa = XCBuildConfiguration;
			buildSettings = {
				CODE_SIGN_ENTITLEMENTS = DgControls/DgControls.entitlements;
				CODE_SIGN_STYLE = Automatic;
				CURRENT_PROJECT_VERSION = 1;
				INFOPLIST_FILE = DgControls/Info.plist;
				IPHONEOS_DEPLOYMENT_TARGET = 18.0;
				LD_RUNPATH_SEARCH_PATHS = (
					"$(inherited)",
					"@executable_path/Frameworks",
					"@executable_path/../../Frameworks",
				);
				MARKETING_VERSION = 1.19;
				OTHER_SWIFT_FLAGS = "$(inherited) \"-D\" \"DGCONTROLS_TARGET\"";
				PRODUCT_BUNDLE_IDENTIFIER = gift.dhamma.mobile.controls;
				PRODUCT_NAME = "$(TARGET_NAME)";
				SKIP_INSTALL = YES;
				SWIFT_VERSION = 5.0;
				TARGETED_DEVICE_FAMILY = "1,2";
			};
			name = Debug;
		};
		D600005D2FE00000000000FD /* Release */ = {
			isa = XCBuildConfiguration;
			buildSettings = {
				CODE_SIGN_ENTITLEMENTS = DgControls/DgControls.entitlements;
				CODE_SIGN_STYLE = Automatic;
				CURRENT_PROJECT_VERSION = 1;
				INFOPLIST_FILE = DgControls/Info.plist;
				IPHONEOS_DEPLOYMENT_TARGET = 18.0;
				LD_RUNPATH_SEARCH_PATHS = (
					"$(inherited)",
					"@executable_path/Frameworks",
					"@executable_path/../../Frameworks",
				);
				MARKETING_VERSION = 1.19;
				OTHER_SWIFT_FLAGS = "$(inherited) \"-D\" \"DGCONTROLS_TARGET\"";
				PRODUCT_BUNDLE_IDENTIFIER = gift.dhamma.mobile.controls;
				PRODUCT_NAME = "$(TARGET_NAME)";
				SKIP_INSTALL = YES;
				SWIFT_VERSION = 5.0;
				TARGETED_DEVICE_FAMILY = "1,2";
			};
			name = Release;
		};
/* End XCBuildConfiguration section */

/* Begin XCConfigurationList section */
		504EC2FF1FED79650016851F /* Build configuration list for PBXProject "App" */ = {
			isa = XCConfigurationList;
			buildConfigurations = (
				504EC3141FED79650016851F /* Debug */,
				504EC3151FED79650016851F /* Release */,
			);
			defaultConfigurationIsVisible = 0;
			defaultConfigurationName = Release;
		};
		D60000582FE00000000000F8 /* Build configuration list for PBXNativeTarget "DgControls" */ = {
			isa = XCConfigurationList;
			buildConfigurations = (
				D600005C2FE00000000000FC /* Debug */,
				D600005D2FE00000000000FD /* Release */,
			);
			defaultConfigurationIsVisible = 0;
			defaultConfigurationName = Release;
		};
		504EC3161FED79650016851F /* Build configuration list for PBXNativeTarget "App" */ = {
			isa = XCConfigurationList;
			buildConfigurations = (
				504EC3171FED79650016851F /* Debug */,
				504EC3181FED79650016851F /* Release */,
			);
			defaultConfigurationIsVisible = 0;
			defaultConfigurationName = Release;
		};
		D600001C2FE00000000000BC /* Build configuration list for PBXNativeTarget "ShareExtension" */ = {
			isa = XCConfigurationList;
			buildConfigurations = (
				D600001D2FE00000000000BD /* Debug */,
				D600001E2FE00000000000BE /* Release */,
			);
			defaultConfigurationIsVisible = 0;
			defaultConfigurationName = Release;
		};
/* End XCConfigurationList section */

/* Begin XCLocalSwiftPackageReference section */
		D4C12C0A2AAA248700AAC8A2 /* XCLocalSwiftPackageReference "CapApp-SPM" */ = {
			isa = XCLocalSwiftPackageReference;
			relativePath = "CapApp-SPM";
		};
		D60000342FE00000000000D4 /* XCLocalSwiftPackageReference "DgSQLite" */ = {
			isa = XCLocalSwiftPackageReference;
			relativePath = DgSQLite;
		};
/* End XCLocalSwiftPackageReference section */

/* Begin XCSwiftPackageProductDependency section */
		4D22ABE82AF431CB00220026 /* CapApp-SPM */ = {
			isa = XCSwiftPackageProductDependency;
			package = D4C12C0A2AAA248700AAC8A2 /* XCLocalSwiftPackageReference "CapApp-SPM" */;
			productName = "CapApp-SPM";
		};
		D60000352FE00000000000D5 /* DgSQLite */ = {
			isa = XCSwiftPackageProductDependency;
			package = D60000342FE00000000000D4 /* XCLocalSwiftPackageReference "DgSQLite" */;
			productName = DgSQLite;
		};
		D60000372FE00000000000D7 /* DgSQLite */ = {
			isa = XCSwiftPackageProductDependency;
			package = D60000342FE00000000000D4 /* XCLocalSwiftPackageReference "DgSQLite" */;
			productName = DgSQLite;
		};
/* End XCSwiftPackageProductDependency section */
	};
	rootObject = 504EC2FC1FED79650016851F /* Project object */;
}
